// !$*UTF8*$!
{
	archiveVersion = 1;
	classes = {
	};
	objectVersion = 46;
	objects = {

/* Begin PBXBuildFile section */
		EB9DCF601C3F78A9001E3668 /* AppDelegate.swift in Sources */ = {isa = PBXBuildFile; fileRef = EB9DCF5F1C3F78A9001E3668 /* AppDelegate.swift */; };
		EB9DCF621C3F78A9001E3668 /* ViewController.swift in Sources */ = {isa = PBXBuildFile; fileRef = EB9DCF611C3F78A9001E3668 /* ViewController.swift */; };
		EB9DCF651C3F78A9001E3668 /* Main.storyboard in Resources */ = {isa = PBXBuildFile; fileRef = EB9DCF631C3F78A9001E3668 /* Main.storyboard */; };
		EB9DCF681C3F78A9001E3668 /* CoreDataTest.xcdatamodeld in Sources */ = {isa = PBXBuildFile; fileRef = EB9DCF661C3F78A9001E3668 /* CoreDataTest.xcdatamodeld */; };
		EB9DCF6A1C3F78A9001E3668 /* Assets.xcassets in Resources */ = {isa = PBXBuildFile; fileRef = EB9DCF691C3F78A9001E3668 /* Assets.xcassets */; };
		EB9DCF6D1C3F78A9001E3668 /* LaunchScreen.storyboard in Resources */ = {isa = PBXBuildFile; fileRef = EB9DCF6B1C3F78A9001E3668 /* LaunchScreen.storyboard */; };
/* End PBXBuildFile section */

/* Begin PBXFileReference section */
		EB9DCF5C1C3F78A8001E3668 /* CoreDataTest.app */ = {isa = PBXFileReference; explicitFileType = wrapper.application; includeInIndex = 0; path = CoreDataTest.app; sourceTree = BUILT_PRODUCTS_DIR; };
		EB9DCF5F1C3F78A9001E3668 /* AppDelegate.swift */ = {isa = PBXFileReference; lastKnownFileType = sourcecode.swift; path = AppDelegate.swift; sourceTree = "<group>"; };
		EB9DCF611C3F78A9001E3668 /* ViewController.swift */ = {isa = PBXFileReference; lastKnownFileType = sourcecode.swift; path = ViewController.swift; sourceTree = "<group>"; };
		EB9DCF641C3F78A9001E3668 /* Base */ = {isa = PBXFileReference; lastKnownFileType = file.storyboard; name = Base; path = Base.lproj/Main.storyboard; sourceTree = "<group>"; };
		EB9DCF671C3F78A9001E3668 /* CoreDataTest.xcdatamodel */ = {isa = PBXFileReference; lastKnownFileType = wrapper.xcdatamodel; path = CoreDataTest.xcdatamodel; sourceTree = "<group>"; };
		EB9DCF691C3F78A9001E3668 /* Assets.xcassets */ = {isa = PBXFileReference; lastKnownFileType = folder.assetcatalog; path = Assets.xcassets; sourceTree = "<group>"; };
		EB9DCF6C1C3F78A9001E3668 /* Base */ = {isa = PBXFileReference; lastKnownFileType = file.storyboard; name = Base; path = Base.lproj/LaunchScreen.storyboard; sourceTree = "<group>"; };
		EB9DCF6E1C3F78A9001E3668 /* Info.plist */ = {isa = PBXFileReference; lastKnownFileType = text.plist.xml; path = Info.plist; sourceTree = "<group>"; };
/* End PBXFileReference section */

/* Begin PBXFrameworksBuildPhase section */
		EB9DCF591C3F78A8001E3668 /* Frameworks */ = {
			isa = PBXFrameworksBuildPhase;
			buildActionMask = 2147483647;
			files = (
			);
			runOnlyForDeploymentPostprocessing = 0;
		};
/* End PBXFrameworksBuildPhase section */

/* Begin PBXGroup section */
		EB9DCF531C3F78A8001E3668 = {
			isa = PBXGroup;
			children = (
				EB9DCF5E1C3F78A8001E3668 /* CoreDataTest */,
				EB9DCF5D1C3F78A8001E3668 /* Products */,
			);
			sourceTree = "<group>";
		};
		EB9DCF5D1C3F78A8001E3668 /* Products */ = {
			isa = PBXGroup;
			children = (
				EB9DCF5C1C3F78A8001E3668 /* CoreDataTest.app */,
			);
			name = Products;
			sourceTree = "<group>";
		};
		EB9DCF5E1C3F78A8001E3668 /* CoreDataTest */ = {
			isa = PBXGroup;
			children = (
				EB9DCF5F1C3F78A9001E3668 /* AppDelegate.swift */,
				EB9DCF611C3F78A9001E3668 /* ViewController.swift */,
				EB9DCF631C3F78A9001E3668 /* Main.storyboard */,
				EB9DCF691C3F78A9001E3668 /* Assets.xcassets */,
				EB9DCF6B1C3F78A9001E3668 /* LaunchScreen.storyboard */,
				EB9DCF6E1C3F78A9001E3668 /* Info.plist */,
				EB9DCF661C3F78A9001E3668 /* CoreDataTest.xcdatamodeld */,
			);
			path = CoreDataTest;
			sourceTree = "<group>";
		};
/* End PBXGroup section */

/* Begin PBXNativeTarget section */
		EB9DCF5B1C3F78A8001E3668 /* CoreDataTest */ = {
			isa = PBXNativeTarget;
			buildConfigurationList = EB9DCF711C3F78A9001E3668 /* Build configuration list for PBXNativeTarget "CoreDataTest" */;
			buildPhases = (
				EB9DCF581C3F78A8001E3668 /* Sources */,
				EB9DCF591C3F78A8001E3668 /* Frameworks */,
				EB9DCF5A1C3F78A8001E3668 /* Resources */,
			);
			buildRules = (
			);
			dependencies = (
			);
			name = CoreDataTest;
			productName = CoreDataTest;
			productReference = EB9DCF5C1C3F78A8001E3668 /* CoreDataTest.app */;
			productType = "com.apple.product-type.application";
		};
/* End PBXNativeTarget section */

/* Begin PBXProject section */
		EB9DCF541C3F78A8001E3668 /* Project object */ = {
			isa = PBXProject;
			attributes = {
				LastSwiftUpdateCheck = 0710;
				LastUpgradeCheck = 0710;
				ORGANIZATIONNAME = DevelopScripts;
				TargetAttributes = {
					EB9DCF5B1C3F78A8001E3668 = {
						CreatedOnToolsVersion = 7.1.1;
					};
				};
			};
			buildConfigurationList = EB9DCF571C3F78A8001E3668 /* Build configuration list for PBXProject "CoreDataTest" */;
			compatibilityVersion = "Xcode 3.2";
			developmentRegion = English;
			hasScannedForEncodings = 0;
			knownRegions = (
				en,
				Base,
			);
			mainGroup = EB9DCF531C3F78A8001E3668;
			productRefGroup = EB9DCF5D1C3F78A8001E3668 /* Products */;
			projectDirPath = "";
			projectRoot = "";
			targets = (
				EB9DCF5B1C3F78A8001E3668 /* CoreDataTest */,
			);
		};
/* End PBXProject section */

/* Begin PBXResourcesBuildPhase section */
		EB9DCF5A1C3F78A8001E3668 /* Resources */ = {
			isa = PBXResourcesBuildPhase;
			buildActionMask = 2147483647;
			files = (
				EB9DCF6D1C3F78A9001E3668 /* LaunchScreen.storyboard in Resources */,
				EB9DCF6A1C3F78A9001E3668 /* Assets.xcassets in Resources */,
				EB9DCF651C3F78A9001E3668 /* Main.storyboard in Resources */,
			);
			runOnlyForDeploymentPostprocessing = 0;
		};
/* End PBXResourcesBuildPhase section */

/* Begin PBXSourcesBuildPhase section */
		EB9DCF581C3F78A8001E3668 /* Sources */ = {
			isa = PBXSourcesBuildPhase;
			buildActionMask = 2147483647;
			files = (
				EB9DCF621C3F78A9001E3668 /* ViewController.swift in Sources */,
				EB9DCF681C3F78A9001E3668 /* CoreDataTest.xcdatamodeld in Sources */,
				EB9DCF601C3F78A9001E3668 /* AppDelegate.swift in Sources */,
			);
			runOnlyForDeploymentPostprocessing = 0;
		};
/* End PBXSourcesBuildPhase section */

/* Begin PBXVariantGroup section */
		EB9DCF631C3F78A9001E3668 /* Main.storyboard */ = {
			isa = PBXVariantGroup;
			children = (
				EB9DCF641C3F78A9001E3668 /* Base */,
			);
			name = Main.storyboard;
			sourceTree = "<group>";
		};
		EB9DCF6B1C3F78A9001E3668 /* LaunchScreen.storyboard */ = {
			isa = PBXVariantGroup;
			children = (
				EB9DCF6C1C3F78A9001E3668 /* Base */,
			);
			name = LaunchScreen.storyboard;
			sourceTree = "<group>";
		};
/* End PBXVariantGroup section */

/* Begin XCBuildConfiguration section */
		EB9DCF6F1C3F78A9001E3668 /* Debug */ = {
			isa = XCBuildConfiguration;
			buildSettings = {
				ALWAYS_SEARCH_USER_PATHS = NO;
				CLANG_CXX_LANGUAGE_STANDARD = "gnu++0x";
				CLANG_CXX_LIBRARY = "libc++";
				CLANG_ENABLE_MODULES = YES;
				CLANG_ENABLE_OBJC_ARC = YES;
				CLANG_WARN_BOOL_CONVERSION = YES;
				CLANG_WARN_CONSTANT_CONVERSION = YES;
				CLANG_WARN_DIRECT_OBJC_ISA_USAGE = YES_ERROR;
				CLANG_WARN_EMPTY_BODY = YES;
				CLANG_WARN_ENUM_CONVERSION = YES;
				CLANG_WARN_INT_CONVERSION = YES;
				CLANG_WARN_OBJC_ROOT_CLASS = YES_ERROR;
				CLANG_WARN_UNREACHABLE_CODE = YES;
				CLANG_WARN__DUPLICATE_METHOD_MATCH = YES;
				"CODE_SIGN_IDENTITY[sdk=iphoneos*]" = "iPhone Developer";
				COPY_PHASE_STRIP = NO;
				DEBUG_INFORMATION_FORMAT = dwarf;
				ENABLE_STRICT_OBJC_MSGSEND = YES;
				ENABLE_TESTABILITY = YES;
				GCC_C_LANGUAGE_STANDARD = gnu99;
				GCC_DYNAMIC_NO_PIC = NO;
				GCC_NO_COMMON_BLOCKS = YES;
				GCC_OPTIMIZATION_LEVEL = 0;
				GCC_PREPROCESSOR_DEFINITIONS = (
					"DEBUG=1",
					"$(inherited)",
				);
				GCC_WARN_64_TO_32_BIT_CONVERSION = YES;
				GCC_WARN_ABOUT_RETURN_TYPE = YES_ERROR;
				GCC_WARN_UNDECLARED_SELECTOR = YES;
				GCC_WARN_UNINITIALIZED_AUTOS = YES_AGGRESSIVE;
				GCC_WARN_UNUSED_FUNCTION = YES;
				GCC_WARN_UNUSED_VARIABLE = YES;
				IPHONEOS_DEPLOYMENT_TARGET = 9.1;
				MTL_ENABLE_DEBUG_INFO = YES;
				ONLY_ACTIVE_ARCH = YES;
				SDKROOT = iphoneos;
				SWIFT_OPTIMIZATION_LEVEL = "-Onone";
				TARGETED_DEVICE_FAMILY = "1,2";
			};
			name = Debug;
		};
		EB9DCF701C3F78A9001E3668 /* Release */ = {
			isa = XCBuildConfiguration;
			buildSettings = {
				ALWAYS_SEARCH_USER_PATHS = NO;
				CLANG_CXX_LANGUAGE_STANDARD = "gnu++0x";
				CLANG_CXX_LIBRARY = "libc++";
				CLANG_ENABLE_MODULES = YES;
				CLANG_ENABLE_OBJC_ARC = YES;
				CLANG_WARN_BOOL_CONVERSION = YES;
				CLANG_WARN_CONSTANT_CONVERSION = YES;
				CLANG_WARN_DIRECT_OBJC_ISA_USAGE = YES_ERROR;
				CLANG_WARN_EMPTY_BODY = YES;
				CLANG_WARN_ENUM_CONVERSION = YES;
				CLANG_WARN_INT_CONVERSION = YES;
				CLANG_WARN_OBJC_ROOT_CLASS = YES_ERROR;
				CLANG_WARN_UNREACHABLE_CODE = YES;
				CLANG_WARN__DUPLICATE_METHOD_MATCH = YES;
				"CODE_SIGN_IDENTITY[sdk=iphoneos*]" = "iPhone Developer";
				COPY_PHASE_STRIP = NO;
				DEBUG_INFORMATION_FORMAT = "dwarf-with-dsym";
				ENABLE_NS_ASSERTIONS = NO;
				ENABLE_STRICT_OBJC_MSGSEND = YES;
				GCC_C_LANGUAGE_STANDARD = gnu99;
				GCC_NO_COMMON_BLOCKS = YES;
				GCC_WARN_64_TO_32_BIT_CONVERSION = YES;
				GCC_WARN_ABOUT_RETURN_TYPE = YES_ERROR;
				GCC_WARN_UNDECLARED_SELECTOR = YES;
				GCC_WARN_UNINITIALIZED_AUTOS = YES_AGGRESSIVE;
				GCC_WARN_UNUSED_FUNCTION = YES;
				GCC_WARN_UNUSED_VARIABLE = YES;
				IPHONEOS_DEPLOYMENT_TARGET = 9.1;
				MTL_ENABLE_DEBUG_INFO = NO;
				SDKROOT = iphoneos;
				TARGETED_DEVICE_FAMILY = "1,2";
				VALIDATE_PRODUCT = YES;
			};
			name = Release;
		};
		EB9DCF721C3F78A9001E3668 /* Debug */ = {
			isa = XCBuildConfiguration;
			buildSettings = {
				ASSETCATALOG_COMPILER_APPICON_NAME = AppIcon;
				INFOPLIST_FILE = CoreDataTest/Info.plist;
				LD_RUNPATH_SEARCH_PATHS = "$(inherited) @executable_path/Frameworks";
				PRODUCT_BUNDLE_IDENTIFIER = com.auctionsoftware.CoreDataTest;
				PRODUCT_NAME = "$(TARGET_NAME)";
			};
			name = Debug;
		};
		EB9DCF731C3F78A9001E3668 /* Release */ = {
			isa = XCBuildConfiguration;
			buildSettings = {
				ASSETCATALOG_COMPILER_APPICON_NAME = AppIcon;
				INFOPLIST_FILE = CoreDataTest/Info.plist;
				LD_RUNPATH_SEARCH_PATHS = "$(inherited) @executable_path/Frameworks";
				PRODUCT_BUNDLE_IDENTIFIER = com.auctionsoftware.CoreDataTest;
				PRODUCT_NAME = "$(TARGET_NAME)";
			};
			name = Release;
		};
/* End XCBuildConfiguration section */

/* Begin XCConfigurationList section */
		EB9DCF571C3F78A8001E3668 /* Build configuration list for PBXProject "CoreDataTest" */ = {
			isa = XCConfigurationList;
			buildConfigurations = (
				EB9DCF6F1C3F78A9001E3668 /* Debug */,
				EB9DCF701C3F78A9001E3668 /* Release */,
			);
			defaultConfigurationIsVisible = 0;
			defaultConfigurationName = Release;
		};
		EB9DCF711C3F78A9001E3668 /* Build configuration list for PBXNativeTarget "CoreDataTest" */ = {
			isa = XCConfigurationList;
			buildConfigurations = (
				EB9DCF721C3F78A9001E3668 /* Debug */,
				EB9DCF731C3F78A9001E3668 /* Release */,
			);
			defaultConfigurationIsVisible = 0;
		};
/* End XCConfigurationList section */

/* Begin XCVersionGroup section */
		EB9DCF661C3F78A9001E3668 /* CoreDataTest.xcdatamodeld */ = {
			isa = XCVersionGroup;
			children = (
				EB9DCF671C3F78A9001E3668 /* CoreDataTest.xcdatamodel */,
			);
			currentVersion = EB9DCF671C3F78A9001E3668 /* CoreDataTest.xcdatamodel */;
			path = CoreDataTest.xcdatamodeld;
			sourceTree = "<group>";
			versionGroupType = wrapper.xcdatamodel;
		};
/* End XCVersionGroup section */
	};
	rootObject = EB9DCF541C3F78A8001E3668 /* Project object */;
}
